
Microsoft Visual Studio Solution File, Format Version 12.00
# Visual Studio 14
VisualStudioVersion = 14.0.24720.0
MinimumVisualStudioVersion = 10.0.40219.1
Project("{FAE04EC0-301F-11D3-BF4B-00C04F79EFBC}") = "DynamicShipping", "DynamicShipping\DynamicShipping.csproj", "{897B024C-213F-4317-88EC-DD4CB3357038}"
EndProject
Global
	GlobalSection(SolutionConfigurationPlatforms) = preSolution
		Debug|Any CPU = Debug|Any CPU
		Release|Any CPU = Release|Any CPU
	EndGlobalSection
	GlobalSection(ProjectConfigurationPlatforms) = postSolution
		{897B024C-213F-4317-88EC-DD4CB3357038}.Debug|Any CPU.ActiveCfg = Debug|Any CPU
		{897B024C-213F-4317-88EC-DD4CB3357038}.Debug|Any CPU.Build.0 = Debug|Any CPU
		{897B024C-213F-4317-88EC-DD4CB3357038}.Release|Any CPU.ActiveCfg = Release|Any CPU
		{897B024C-213F-4317-88EC-DD4CB3357038}.Release|Any CPU.Build.0 = Release|Any CPU
	EndGlobalSection
	GlobalSection(SolutionProperties) = preSolution
		HideSolutionNode = FALSE
	EndGlobalSection
EndGlobal
